// !$*UTF8*$!
{
	archiveVersion = 1;
	classes = {
	};
	objectVersion = 56;
	objects = {

/* Begin PBXBuildFile section */
		849F66452F3FE14400819AF4 /* BWCameraPreviewView.m in Sources */ = {isa = PBXBuildFile; fileRef = 849F663C2F3FE14400819AF4 /* BWCameraPreviewView.m */; };
		849F66462F3FE14400819AF4 /* BWWindowManager.m in Sources */ = {isa = PBXBuildFile; fileRef = 849F66432F3FE14400819AF4 /* BWWindowManager.m */; };
		849F66472F3FE14400819AF4 /* BWSettingsWindowController.m in Sources */ = {isa = PBXBuildFile; fileRef = 849F66412F3FE14400819AF4 /* BWSettingsWindowController.m */; };
		849F66482F3FE14400819AF4 /* BWPreviewWindowController.m in Sources */ = {isa = PBXBuildFile; fileRef = 849F663F2F3FE14400819AF4 /* BWPreviewWindowController.m */; };
		849F66602F3FE15300819AF4 /* BWCaptureManager.m in Sources */ = {isa = PBXBuildFile; fileRef = 849F664A2F3FE15300819AF4 /* BWCaptureManager.m */; };
		849F66612F3FE15300819AF4 /* BWSettingsWindowController.m in Sources */ = {isa = PBXBuildFile; fileRef = 849F66582F3FE15300819AF4 /* BWSettingsWindowController.m */; };
		849F66622F3FE15300819AF4 /* BWCameraPreviewView.m in Sources */ = {isa = PBXBuildFile; fileRef = 849F66532F3FE15300819AF4 /* BWCameraPreviewView.m */; };
		849F66632F3FE15300819AF4 /* BWPreviewWindowController.m in Sources */ = {isa = PBXBuildFile; fileRef = 849F66562F3FE15300819AF4 /* BWPreviewWindowController.m */; };
		849F66642F3FE15300819AF4 /* BWWindowManager.m in Sources */ = {isa = PBXBuildFile; fileRef = 849F665A2F3FE15300819AF4 /* BWWindowManager.m */; };
		849F66652F3FE15300819AF4 /* BWVirtualCameraPlugin.m in Sources */ = {isa = PBXBuildFile; fileRef = 849F665E2F3FE15300819AF4 /* BWVirtualCameraPlugin.m */; };
		849F66662F3FE15300819AF4 /* BWVideoProcessor.m in Sources */ = {isa = PBXBuildFile; fileRef = 849F664D2F3FE15300819AF4 /* BWVideoProcessor.m */; };
		849F66672F3FE15300819AF4 /* BWMenuBarManager.m in Sources */ = {isa = PBXBuildFile; fileRef = 849F66502F3FE15300819AF4 /* BWMenuBarManager.m */; };
		A1000001000000000000001 /* BWAppDelegate.m in Sources */ = {isa = PBXBuildFile; fileRef = A1000002000000000000001 /* BWAppDelegate.m */; };
		A1000003000000000000001 /* BWApplicationCoordinator.m in Sources */ = {isa = PBXBuildFile; fileRef = A1000004000000000000001 /* BWApplicationCoordinator.m */; };
		A1000005000000000000001 /* BWMenuBarManager.m in Sources */ = {isa = PBXBuildFile; fileRef = A1000006000000000000001 /* BWMenuBarManager.m */; };
		A1000007000000000000001 /* main.m in Sources */ = {isa = PBXBuildFile; fileRef = A1000008000000000000001 /* main.m */; };
		A1000009000000000000001 /* Cocoa.framework in Frameworks */ = {isa = PBXBuildFile; fileRef = A1000010000000000000001 /* Cocoa.framework */; };
		A1000011000000000000001 /* AVFoundation.framework in Frameworks */ = {isa = PBXBuildFile; fileRef = A1000012000000000000001 /* AVFoundation.framework */; };
		A1000013000000000000001 /* CoreMediaIO.framework in Frameworks */ = {isa = PBXBuildFile; fileRef = A1000014000000000000001 /* CoreMediaIO.framework */; };
		A1000015000000000000001 /* Metal.framework in Frameworks */ = {isa = PBXBuildFile; fileRef = A1000016000000000000001 /* Metal.framework */; };
		A1000017000000000000001 /* MetalKit.framework in Frameworks */ = {isa = PBXBuildFile; fileRef = A1000018000000000000001 /* MetalKit.framework */; };
		A1000019000000000000001 /* CoreImage.framework in Frameworks */ = {isa = PBXBuildFile; fileRef = A1000020000000000000001 /* CoreImage.framework */; };
/* End PBXBuildFile section */

/* Begin PBXFileReference section */
		849F663B2F3FE14400819AF4 /* BWCameraPreviewView.h */ = {isa = PBXFileReference; lastKnownFileType = sourcecode.c.h; path = BWCameraPreviewView.h; sourceTree = "<group>"; };
		849F663C2F3FE14400819AF4 /* BWCameraPreviewView.m */ = {isa = PBXFileReference; lastKnownFileType = sourcecode.c.objc; path = BWCameraPreviewView.m; sourceTree = "<group>"; };
		849F663E2F3FE14400819AF4 /* BWPreviewWindowController.h */ = {isa = PBXFileReference; lastKnownFileType = sourcecode.c.h; path = BWPreviewWindowController.h; sourceTree = "<group>"; };
		849F663F2F3FE14400819AF4 /* BWPreviewWindowController.m */ = {isa = PBXFileReference; lastKnownFileType = sourcecode.c.objc; path = BWPreviewWindowController.m; sourceTree = "<group>"; };
		849F66402F3FE14400819AF4 /* BWSettingsWindowController.h */ = {isa = PBXFileReference; lastKnownFileType = sourcecode.c.h; path = BWSettingsWindowController.h; sourceTree = "<group>"; };
		849F66412F3FE14400819AF4 /* BWSettingsWindowController.m */ = {isa = PBXFileReference; lastKnownFileType = sourcecode.c.objc; path = BWSettingsWindowController.m; sourceTree = "<group>"; };
		849F66422F3FE14400819AF4 /* BWWindowManager.h */ = {isa = PBXFileReference; lastKnownFileType = sourcecode.c.h; path = BWWindowManager.h; sourceTree = "<group>"; };
		849F66432F3FE14400819AF4 /* BWWindowManager.m */ = {isa = PBXFileReference; lastKnownFileType = sourcecode.c.objc; path = BWWindowManager.m; sourceTree = "<group>"; };
		849F66492F3FE15300819AF4 /* BWCaptureManager.h */ = {isa = PBXFileReference; lastKnownFileType = sourcecode.c.h; path = BWCaptureManager.h; sourceTree = "<group>"; };
		849F664A2F3FE15300819AF4 /* BWCaptureManager.m */ = {isa = PBXFileReference; lastKnownFileType = sourcecode.c.objc; path = BWCaptureManager.m; sourceTree = "<group>"; };
		849F664C2F3FE15300819AF4 /* BWVideoProcessor.h */ = {isa = PBXFileReference; lastKnownFileType = sourcecode.c.h; path = BWVideoProcessor.h; sourceTree = "<group>"; };
		849F664D2F3FE15300819AF4 /* BWVideoProcessor.m */ = {isa = PBXFileReference; lastKnownFileType = sourcecode.c.objc; path = BWVideoProcessor.m; sourceTree = "<group>"; };
		849F664F2F3FE15300819AF4 /* BWMenuBarManager.h */ = {isa = PBXFileReference; lastKnownFileType = sourcecode.c.h; path = BWMenuBarManager.h; sourceTree = "<group>"; };
		849F66502F3FE15300819AF4 /* BWMenuBarManager.m */ = {isa = PBXFileReference; lastKnownFileType = sourcecode.c.objc; path = BWMenuBarManager.m; sourceTree = "<group>"; };
		849F66522F3FE15300819AF4 /* BWCameraPreviewView.h */ = {isa = PBXFileReference; lastKnownFileType = sourcecode.c.h; path = BWCameraPreviewView.h; sourceTree = "<group>"; };
		849F66532F3FE15300819AF4 /* BWCameraPreviewView.m */ = {isa = PBXFileReference; lastKnownFileType = sourcecode.c.objc; path = BWCameraPreviewView.m; sourceTree = "<group>"; };
		849F66552F3FE15300819AF4 /* BWPreviewWindowController.h */ = {isa = PBXFileReference; lastKnownFileType = sourcecode.c.h; path = BWPreviewWindowController.h; sourceTree = "<group>"; };
		849F66562F3FE15300819AF4 /* BWPreviewWindowController.m */ = {isa = PBXFileReference; lastKnownFileType = sourcecode.c.objc; path = BWPreviewWindowController.m; sourceTree = "<group>"; };
		849F66572F3FE15300819AF4 /* BWSettingsWindowController.h */ = {isa = PBXFileReference; lastKnownFileType = sourcecode.c.h; path = BWSettingsWindowController.h; sourceTree = "<group>"; };
		849F66582F3FE15300819AF4 /* BWSettingsWindowController.m */ = {isa = PBXFileReference; lastKnownFileType = sourcecode.c.objc; path = BWSettingsWindowController.m; sourceTree = "<group>"; };
		849F66592F3FE15300819AF4 /* BWWindowManager.h */ = {isa = PBXFileReference; lastKnownFileType = sourcecode.c.h; path = BWWindowManager.h; sourceTree = "<group>"; };
		849F665A2F3FE15300819AF4 /* BWWindowManager.m */ = {isa = PBXFileReference; lastKnownFileType = sourcecode.c.objc; path = BWWindowManager.m; sourceTree = "<group>"; };
		849F665D2F3FE15300819AF4 /* BWVirtualCameraPlugin.h */ = {isa = PBXFileReference; lastKnownFileType = sourcecode.c.h; path = BWVirtualCameraPlugin.h; sourceTree = "<group>"; };
		849F665E2F3FE15300819AF4 /* BWVirtualCameraPlugin.m */ = {isa = PBXFileReference; lastKnownFileType = sourcecode.c.objc; path = BWVirtualCameraPlugin.m; sourceTree = "<group>"; };
		A1000002000000000000001 /* BWAppDelegate.m */ = {isa = PBXFileReference; lastKnownFileType = sourcecode.c.objc; path = BWAppDelegate.m; sourceTree = "<group>"; };
		A1000004000000000000001 /* BWApplicationCoordinator.m */ = {isa = PBXFileReference; lastKnownFileType = sourcecode.c.objc; path = BWApplicationCoordinator.m; sourceTree = "<group>"; };
		A1000006000000000000001 /* BWMenuBarManager.m */ = {isa = PBXFileReference; lastKnownFileType = sourcecode.c.objc; path = BWMenuBarManager.m; sourceTree = "<group>"; };
		A1000008000000000000001 /* main.m */ = {isa = PBXFileReference; lastKnownFileType = sourcecode.c.objc; path = main.m; sourceTree = "<group>"; };
		A1000010000000000000001 /* Cocoa.framework */ = {isa = PBXFileReference; lastKnownFileType = wrapper.framework; name = Cocoa.framework; path = System/Library/Frameworks/Cocoa.framework; sourceTree = SDKROOT; };
		A1000012000000000000001 /* AVFoundation.framework */ = {isa = PBXFileReference; lastKnownFileType = wrapper.framework; name = AVFoundation.framework; path = System/Library/Frameworks/AVFoundation.framework; sourceTree = SDKROOT; };
		A1000014000000000000001 /* CoreMediaIO.framework */ = {isa = PBXFileReference; lastKnownFileType = wrapper.framework; name = CoreMediaIO.framework; path = System/Library/Frameworks/CoreMediaIO.framework; sourceTree = SDKROOT; };
		A1000016000000000000001 /* Metal.framework */ = {isa = PBXFileReference; lastKnownFileType = wrapper.framework; name = Metal.framework; path = System/Library/Frameworks/Metal.framework; sourceTree = SDKROOT; };
		A1000018000000000000001 /* MetalKit.framework */ = {isa = PBXFileReference; lastKnownFileType = wrapper.framework; name = MetalKit.framework; path = System/Library/Frameworks/MetalKit.framework; sourceTree = SDKROOT; };
		A1000020000000000000001 /* CoreImage.framework */ = {isa = PBXFileReference; lastKnownFileType = wrapper.framework; name = CoreImage.framework; path = System/Library/Frameworks/CoreImage.framework; sourceTree = SDKROOT; };
		A1000021000000000000001 /* BeautyWebcam.app */ = {isa = PBXFileReference; explicitFileType = wrapper.application; includeInIndex = 0; path = BeautyWebcam.app; sourceTree = BUILT_PRODUCTS_DIR; };
		A1000022000000000000001 /* BWAppDelegate.h */ = {isa = PBXFileReference; lastKnownFileType = sourcecode.c.h; path = BWAppDelegate.h; sourceTree = "<group>"; };
		A1000023000000000000001 /* BWApplicationCoordinator.h */ = {isa = PBXFileReference; lastKnownFileType = sourcecode.c.h; path = BWApplicationCoordinator.h; sourceTree = "<group>"; };
		A1000024000000000000001 /* BWMenuBarManager.h */ = {isa = PBXFileReference; lastKnownFileType = sourcecode.c.h; path = BWMenuBarManager.h; sourceTree = "<group>"; };
		A1000025000000000000001 /* Info.plist */ = {isa = PBXFileReference; lastKnownFileType = text.plist.xml; path = Info.plist; sourceTree = "<group>"; };
/* End PBXFileReference section */

/* Begin PBXFrameworksBuildPhase section */
		A1000026000000000000001 /* Frameworks */ = {
			isa = PBXFrameworksBuildPhase;
			buildActionMask = 2147483647;
			files = (
				A1000009000000000000001 /* Cocoa.framework in Frameworks */,
				A1000011000000000000001 /* AVFoundation.framework in Frameworks */,
				A1000013000000000000001 /* CoreMediaIO.framework in Frameworks */,
				A1000015000000000000001 /* Metal.framework in Frameworks */,
				A1000017000000000000001 /* MetalKit.framework in Frameworks */,
				A1000019000000000000001 /* CoreImage.framework in Frameworks */,
			);
			runOnlyForDeploymentPostprocessing = 0;
		};
/* End PBXFrameworksBuildPhase section */

/* Begin PBXGroup section */
		849F663D2F3FE14400819AF4 /* Views */ = {
			isa = PBXGroup;
			children = (
				849F663B2F3FE14400819AF4 /* BWCameraPreviewView.h */,
				849F663C2F3FE14400819AF4 /* BWCameraPreviewView.m */,
			);
			path = Views;
			sourceTree = "<group>";
		};
		849F66442F3FE14400819AF4 /* Windows */ = {
			isa = PBXGroup;
			children = (
				849F663E2F3FE14400819AF4 /* BWPreviewWindowController.h */,
				849F663F2F3FE14400819AF4 /* BWPreviewWindowController.m */,
				849F66402F3FE14400819AF4 /* BWSettingsWindowController.h */,
				849F66412F3FE14400819AF4 /* BWSettingsWindowController.m */,
				849F66422F3FE14400819AF4 /* BWWindowManager.h */,
				849F66432F3FE14400819AF4 /* BWWindowManager.m */,
			);
			path = Windows;
			sourceTree = "<group>";
		};
		849F664B2F3FE15300819AF4 /* Capture */ = {
			isa = PBXGroup;
			children = (
				849F66492F3FE15300819AF4 /* BWCaptureManager.h */,
				849F664A2F3FE15300819AF4 /* BWCaptureManager.m */,
			);
			path = Capture;
			sourceTree = "<group>";
		};
		849F664E2F3FE15300819AF4 /* Processing */ = {
			isa = PBXGroup;
			children = (
				849F664C2F3FE15300819AF4 /* BWVideoProcessor.h */,
				849F664D2F3FE15300819AF4 /* BWVideoProcessor.m */,
			);
			path = Processing;
			sourceTree = "<group>";
		};
		849F66512F3FE15300819AF4 /* MenuBar */ = {
			isa = PBXGroup;
			children = (
				849F664F2F3FE15300819AF4 /* BWMenuBarManager.h */,
				849F66502F3FE15300819AF4 /* BWMenuBarManager.m */,
			);
			path = MenuBar;
			sourceTree = "<group>";
		};
		849F66542F3FE15300819AF4 /* Views */ = {
			isa = PBXGroup;
			children = (
				849F66522F3FE15300819AF4 /* BWCameraPreviewView.h */,
				849F66532F3FE15300819AF4 /* BWCameraPreviewView.m */,
			);
			path = Views;
			sourceTree = "<group>";
		};
		849F665B2F3FE15300819AF4 /* Windows */ = {
			isa = PBXGroup;
			children = (
				849F66552F3FE15300819AF4 /* BWPreviewWindowController.h */,
				849F66562F3FE15300819AF4 /* BWPreviewWindowController.m */,
				849F66572F3FE15300819AF4 /* BWSettingsWindowController.h */,
				849F66582F3FE15300819AF4 /* BWSettingsWindowController.m */,
				849F66592F3FE15300819AF4 /* BWWindowManager.h */,
				849F665A2F3FE15300819AF4 /* BWWindowManager.m */,
			);
			path = Windows;
			sourceTree = "<group>";
		};
		849F665C2F3FE15300819AF4 /* UI */ = {
			isa = PBXGroup;
			children = (
				849F66512F3FE15300819AF4 /* MenuBar */,
				849F66542F3FE15300819AF4 /* Views */,
				849F665B2F3FE15300819AF4 /* Windows */,
			);
			path = UI;
			sourceTree = "<group>";
		};
		849F665F2F3FE15300819AF4 /* VirtualCamera */ = {
			isa = PBXGroup;
			children = (
				849F665D2F3FE15300819AF4 /* BWVirtualCameraPlugin.h */,
				849F665E2F3FE15300819AF4 /* BWVirtualCameraPlugin.m */,
			);
			path = VirtualCamera;
			sourceTree = "<group>";
		};
		A1000027000000000000001 = {
			isa = PBXGroup;
			children = (
				A1000028000000000000001 /* BeautyWebcam */,
				A1000029000000000000001 /* Products */,
				A1000030000000000000001 /* Frameworks */,
			);
			sourceTree = "<group>";
		};
		A1000028000000000000001 /* BeautyWebcam */ = {
			isa = PBXGroup;
			children = (
				849F664B2F3FE15300819AF4 /* Capture */,
				849F664E2F3FE15300819AF4 /* Processing */,
				849F665C2F3FE15300819AF4 /* UI */,
				849F665F2F3FE15300819AF4 /* VirtualCamera */,
				A1000031000000000000001 /* Application */,
				A1000032000000000000001 /* UI */,
				A1000008000000000000001 /* main.m */,
				A1000025000000000000001 /* Info.plist */,
			);
			path = BeautyWebcam;
			sourceTree = "<group>";
		};
		A1000029000000000000001 /* Products */ = {
			isa = PBXGroup;
			children = (
				A1000021000000000000001 /* BeautyWebcam.app */,
			);
			name = Products;
			sourceTree = "<group>";
		};
		A1000030000000000000001 /* Frameworks */ = {
			isa = PBXGroup;
			children = (
				A1000010000000000000001 /* Cocoa.framework */,
				A1000012000000000000001 /* AVFoundation.framework */,
				A1000014000000000000001 /* CoreMediaIO.framework */,
				A1000016000000000000001 /* Metal.framework */,
				A1000018000000000000001 /* MetalKit.framework */,
				A1000020000000000000001 /* CoreImage.framework */,
			);
			name = Frameworks;
			sourceTree = "<group>";
		};
		A1000031000000000000001 /* Application */ = {
			isa = PBXGroup;
			children = (
				A1000022000000000000001 /* BWAppDelegate.h */,
				A1000002000000000000001 /* BWAppDelegate.m */,
				A1000023000000000000001 /* BWApplicationCoordinator.h */,
				A1000004000000000000001 /* BWApplicationCoordinator.m */,
			);
			path = Application;
			sourceTree = "<group>";
		};
		A1000032000000000000001 /* UI */ = {
			isa = PBXGroup;
			children = (
				849F663D2F3FE14400819AF4 /* Views */,
				849F66442F3FE14400819AF4 /* Windows */,
				A1000033000000000000001 /* MenuBar */,
			);
			path = UI;
			sourceTree = "<group>";
		};
		A1000033000000000000001 /* MenuBar */ = {
			isa = PBXGroup;
			children = (
				A1000024000000000000001 /* BWMenuBarManager.h */,
				A1000006000000000000001 /* BWMenuBarManager.m */,
			);
			path = MenuBar;
			sourceTree = "<group>";
		};
/* End PBXGroup section */

/* Begin PBXNativeTarget section */
		A1000034000000000000001 /* BeautyWebcam */ = {
			isa = PBXNativeTarget;
			buildConfigurationList = A1000035000000000000001 /* Build configuration list for PBXNativeTarget "BeautyWebcam" */;
			buildPhases = (
				A1000036000000000000001 /* Sources */,
				A1000026000000000000001 /* Frameworks */,
				A1000037000000000000001 /* Resources */,
			);
			buildRules = (
			);
			dependencies = (
			);
			name = BeautyWebcam;
			productName = BeautyWebcam;
			productReference = A1000021000000000000001 /* BeautyWebcam.app */;
			productType = "com.apple.product-type.application";
		};
/* End PBXNativeTarget section */

/* Begin PBXProject section */
		A1000038000000000000001 /* Project object */ = {
			isa = PBXProject;
			attributes = {
				BuildIndependentTargetsInParallel = 1;
				LastUpgradeCheck = 1500;
				TargetAttributes = {
					A1000034000000000000001 = {
						CreatedOnToolsVersion = 15.0;
					};
				};
			};
			buildConfigurationList = A1000039000000000000001 /* Build configuration list for PBXProject "BeautyWebcam" */;
			compatibilityVersion = "Xcode 14.0";
			developmentRegion = en;
			hasScannedForEncodings = 0;
			knownRegions = (
				en,
				Base,
			);
			mainGroup = A1000027000000000000001;
			productRefGroup = A1000029000000000000001 /* Products */;
			projectDirPath = "";
			projectRoot = "";
			targets = (
				A1000034000000000000001 /* BeautyWebcam */,
			);
		};
/* End PBXProject section */

/* Begin PBXResourcesBuildPhase section */
		A1000037000000000000001 /* Resources */ = {
			isa = PBXResourcesBuildPhase;
			buildActionMask = 2147483647;
			files = (
			);
			runOnlyForDeploymentPostprocessing = 0;
		};
/* End PBXResourcesBuildPhase section */

/* Begin PBXSourcesBuildPhase section */
		A1000036000000000000001 /* Sources */ = {
			isa = PBXSourcesBuildPhase;
			buildActionMask = 2147483647;
			files = (
				849F66602F3FE15300819AF4 /* BWCaptureManager.m in Sources */,
				849F66612F3FE15300819AF4 /* BWSettingsWindowController.m in Sources */,
				849F66622F3FE15300819AF4 /* BWCameraPreviewView.m in Sources */,
				849F66632F3FE15300819AF4 /* BWPreviewWindowController.m in Sources */,
				849F66642F3FE15300819AF4 /* BWWindowManager.m in Sources */,
				849F66652F3FE15300819AF4 /* BWVirtualCameraPlugin.m in Sources */,
				849F66662F3FE15300819AF4 /* BWVideoProcessor.m in Sources */,
				849F66672F3FE15300819AF4 /* BWMenuBarManager.m in Sources */,
				A1000001000000000000001 /* BWAppDelegate.m in Sources */,
				A1000003000000000000001 /* BWApplicationCoordinator.m in Sources */,
				849F66452F3FE14400819AF4 /* BWCameraPreviewView.m in Sources */,
				849F66462F3FE14400819AF4 /* BWWindowManager.m in Sources */,
				849F66472F3FE14400819AF4 /* BWSettingsWindowController.m in Sources */,
				849F66482F3FE14400819AF4 /* BWPreviewWindowController.m in Sources */,
				A1000005000000000000001 /* BWMenuBarManager.m in Sources */,
				A1000007000000000000001 /* main.m in Sources */,
			);
			runOnlyForDeploymentPostprocessing = 0;
		};
/* End PBXSourcesBuildPhase section */

/* Begin XCBuildConfiguration section */
		A1000040000000000000001 /* Debug */ = {
			isa = XCBuildConfiguration;
			buildSettings = {
				ALWAYS_SEARCH_USER_PATHS = NO;
				ASSETCATALOG_COMPILER_GENERATE_SWIFT_ASSET_SYMBOL_EXTENSIONS = YES;
				CLANG_ANALYZER_NONNULL = YES;
				CLANG_ANALYZER_NUMBER_OBJECT_CONVERSION = YES_AGGRESSIVE;
				CLANG_CXX_LANGUAGE_STANDARD = "gnu++20";
				CLANG_ENABLE_MODULES = YES;
				CLANG_ENABLE_OBJC_ARC = YES;
				CLANG_ENABLE_OBJC_WEAK = YES;
				CLANG_WARN_BLOCK_CAPTURE_AUTORELEASING = YES;
				CLANG_WARN_BOOL_CONVERSION = YES;
				CLANG_WARN_COMMA = YES;
				CLANG_WARN_CONSTANT_CONVERSION = YES;
				CLANG_WARN_DEPRECATED_OBJC_IMPLEMENTATIONS = YES;
				CLANG_WARN_DIRECT_OBJC_ISA_USAGE = YES_ERROR;
				CLANG_WARN_DOCUMENTATION_COMMENTS = YES;
				CLANG_WARN_EMPTY_BODY = YES;
				CLANG_WARN_ENUM_CONVERSION = YES;
				CLANG_WARN_INFINITE_RECURSION = YES;
				CLANG_WARN_INT_CONVERSION = YES;
				CLANG_WARN_NON_LITERAL_NULL_CONVERSION = YES;
				CLANG_WARN_OBJC_IMPLICIT_RETAIN_SELF = YES;
				CLANG_WARN_OBJC_LITERAL_CONVERSION = YES;
				CLANG_WARN_OBJC_ROOT_CLASS = YES_ERROR;
				CLANG_WARN_QUOTED_INCLUDE_IN_FRAMEWORK_HEADER = YES;
				CLANG_WARN_RANGE_LOOP_ANALYSIS = YES;
				CLANG_WARN_STRICT_PROTOTYPES = YES;
				CLANG_WARN_SUSPICIOUS_MOVE = YES;
				CLANG_WARN_UNGUARDED_AVAILABILITY = YES_AGGRESSIVE;
				CLANG_WARN_UNREACHABLE_CODE = YES;
				CLANG_WARN__DUPLICATE_METHOD_MATCH = YES;
				COPY_PHASE_STRIP = NO;
				DEBUG_INFORMATION_FORMAT = dwarf;
				ENABLE_STRICT_OBJC_MSGSEND = YES;
				ENABLE_TESTABILITY = YES;
				ENABLE_USER_SCRIPT_SANDBOXING = YES;
				GCC_C_LANGUAGE_STANDARD = gnu17;
				GCC_DYNAMIC_NO_PIC = NO;
				GCC_NO_COMMON_BLOCKS = YES;
				GCC_OPTIMIZATION_LEVEL = 0;
				GCC_PREPROCESSOR_DEFINITIONS = (
					"DEBUG=1",
					"$(inherited)",
				);
				GCC_WARN_64_TO_32_BIT_CONVERSION = YES;
				GCC_WARN_ABOUT_RETURN_TYPE = YES_ERROR;
				GCC_WARN_UNDECLARED_SELECTOR = YES;
				GCC_WARN_UNINITIALIZED_AUTOS = YES_AGGRESSIVE;
				GCC_WARN_UNUSED_FUNCTION = YES;
				GCC_WARN_UNUSED_VARIABLE = YES;
				LOCALIZATION_PREFERS_STRING_CATALOGS = YES;
				MACOSX_DEPLOYMENT_TARGET = 10.15;
				MTL_ENABLE_DEBUG_INFO = INCLUDE_SOURCE;
				MTL_FAST_MATH = YES;
				ONLY_ACTIVE_ARCH = YES;
				SDKROOT = macosx;
			};
			name = Debug;
		};
		A1000041000000000000001 /* Release */ = {
			isa = XCBuildConfiguration;
			buildSettings = {
				ALWAYS_SEARCH_USER_PATHS = NO;
				ASSETCATALOG_COMPILER_GENERATE_SWIFT_ASSET_SYMBOL_EXTENSIONS = YES;
				CLANG_ANALYZER_NONNULL = YES;
				CLANG_ANALYZER_NUMBER_OBJECT_CONVERSION = YES_AGGRESSIVE;
				CLANG_CXX_LANGUAGE_STANDARD = "gnu++20";
				CLANG_ENABLE_MODULES = YES;
				CLANG_ENABLE_OBJC_ARC = YES;
				CLANG_ENABLE_OBJC_WEAK = YES;
				CLANG_WARN_BLOCK_CAPTURE_AUTORELEASING = YES;
				CLANG_WARN_BOOL_CONVERSION = YES;
				CLANG_WARN_COMMA = YES;
				CLANG_WARN_CONSTANT_CONVERSION = YES;
				CLANG_WARN_DEPRECATED_OBJC_IMPLEMENTATIONS = YES;
				CLANG_WARN_DIRECT_OBJC_ISA_USAGE = YES_ERROR;
				CLANG_WARN_DOCUMENTATION_COMMENTS = YES;
				CLANG_WARN_EMPTY_BODY = YES;
				CLANG_WARN_ENUM_CONVERSION = YES;
				CLANG_WARN_INFINITE_RECURSION = YES;
				CLANG_WARN_INT_CONVERSION = YES;
				CLANG_WARN_NON_LITERAL_NULL_CONVERSION = YES;
				CLANG_WARN_OBJC_IMPLICIT_RETAIN_SELF = YES;
				CLANG_WARN_OBJC_LITERAL_CONVERSION = YES;
				CLANG_WARN_OBJC_ROOT_CLASS = YES_ERROR;
				CLANG_WARN_QUOTED_INCLUDE_IN_FRAMEWORK_HEADER = YES;
				CLANG_WARN_RANGE_LOOP_ANALYSIS = YES;
				CLANG_WARN_STRICT_PROTOTYPES = YES;
				CLANG_WARN_SUSPICIOUS_MOVE = YES;
				CLANG_WARN_UNGUARDED_AVAILABILITY = YES_AGGRESSIVE;
				CLANG_WARN_UNREACHABLE_CODE = YES;
				CLANG_WARN__DUPLICATE_METHOD_MATCH = YES;
				COPY_PHASE_STRIP = NO;
				DEBUG_INFORMATION_FORMAT = "dwarf-with-dsym";
				ENABLE_NS_ASSERTIONS = NO;
				ENABLE_STRICT_OBJC_MSGSEND = YES;
				ENABLE_USER_SCRIPT_SANDBOXING = YES;
				GCC_C_LANGUAGE_STANDARD = gnu17;
				GCC_NO_COMMON_BLOCKS = YES;
				GCC_WARN_64_TO_32_BIT_CONVERSION = YES;
				GCC_WARN_ABOUT_RETURN_TYPE = YES_ERROR;
				GCC_WARN_UNDECLARED_SELECTOR = YES;
				GCC_WARN_UNINITIALIZED_AUTOS = YES_AGGRESSIVE;
				GCC_WARN_UNUSED_FUNCTION = YES;
				GCC_WARN_UNUSED_VARIABLE = YES;
				LOCALIZATION_PREFERS_STRING_CATALOGS = YES;
				MACOSX_DEPLOYMENT_TARGET = 10.15;
				MTL_ENABLE_DEBUG_INFO = NO;
				MTL_FAST_MATH = YES;
				SDKROOT = macosx;
			};
			name = Release;
		};
		A1000042000000000000001 /* Debug */ = {
			isa = XCBuildConfiguration;
			buildSettings = {
				ASSETCATALOG_COMPILER_APPICON_NAME = AppIcon;
				ASSETCATALOG_COMPILER_GLOBAL_ACCENT_COLOR_NAME = AccentColor;
				CODE_SIGN_ENTITLEMENTS = BeautyWebcam/BeautyWebcam.entitlements;
				CODE_SIGN_STYLE = Automatic;
				COMBINE_HIDPI_IMAGES = YES;
				CURRENT_PROJECT_VERSION = 1;
				DEVELOPMENT_TEAM = "";
				ENABLE_HARDENED_RUNTIME = YES;
				GENERATE_INFOPLIST_FILE = NO;
				INFOPLIST_FILE = BeautyWebcam/Info.plist;
				INFOPLIST_KEY_CFBundleDisplayName = BeautyWebcam;
				INFOPLIST_KEY_LSApplicationCategoryType = "public.app-category.video";
				INFOPLIST_KEY_NSHumanReadableCopyright = "Copyright © 2024 BeautyWebcam. All rights reserved.";
				LD_RUNPATH_SEARCH_PATHS = (
					"$(inherited)",
					"@executable_path/../Frameworks",
				);
				MACOSX_DEPLOYMENT_TARGET = 10.15;
				MARKETING_VERSION = 1.0;
				PRODUCT_BUNDLE_IDENTIFIER = com.beautywebcam.BeautyWebcam;
				PRODUCT_NAME = "$(TARGET_NAME)";
				SWIFT_EMIT_LOC_STRINGS = YES;
			};
			name = Debug;
		};
		A1000043000000000000001 /* Release */ = {
			isa = XCBuildConfiguration;
			buildSettings = {
				ASSETCATALOG_COMPILER_APPICON_NAME = AppIcon;
				ASSETCATALOG_COMPILER_GLOBAL_ACCENT_COLOR_NAME = AccentColor;
				CODE_SIGN_ENTITLEMENTS = BeautyWebcam/BeautyWebcam.entitlements;
				CODE_SIGN_STYLE = Automatic;
				COMBINE_HIDPI_IMAGES = YES;
				CURRENT_PROJECT_VERSION = 1;
				DEVELOPMENT_TEAM = "";
				ENABLE_HARDENED_RUNTIME = YES;
				GENERATE_INFOPLIST_FILE = NO;
				INFOPLIST_FILE = BeautyWebcam/Info.plist;
				INFOPLIST_KEY_CFBundleDisplayName = BeautyWebcam;
				INFOPLIST_KEY_LSApplicationCategoryType = "public.app-category.video";
				INFOPLIST_KEY_NSHumanReadableCopyright = "Copyright © 2024 BeautyWebcam. All rights reserved.";
				LD_RUNPATH_SEARCH_PATHS = (
					"$(inherited)",
					"@executable_path/../Frameworks",
				);
				MACOSX_DEPLOYMENT_TARGET = 10.15;
				MARKETING_VERSION = 1.0;
				PRODUCT_BUNDLE_IDENTIFIER = com.beautywebcam.BeautyWebcam;
				PRODUCT_NAME = "$(TARGET_NAME)";
				SWIFT_EMIT_LOC_STRINGS = YES;
			};
			name = Release;
		};
/* End XCBuildConfiguration section */

/* Begin XCConfigurationList section */
		A1000035000000000000001 /* Build configuration list for PBXNativeTarget "BeautyWebcam" */ = {
			isa = XCConfigurationList;
			buildConfigurations = (
				A1000042000000000000001 /* Debug */,
				A1000043000000000000001 /* Release */,
			);
			defaultConfigurationIsVisible = 0;
			defaultConfigurationName = Release;
		};
		A1000039000000000000001 /* Build configuration list for PBXProject "BeautyWebcam" */ = {
			isa = XCConfigurationList;
			buildConfigurations = (
				A1000040000000000000001 /* Debug */,
				A1000041000000000000001 /* Release */,
			);
			defaultConfigurationIsVisible = 0;
			defaultConfigurationName = Release;
		};
/* End XCConfigurationList section */
	};
	rootObject = A1000038000000000000001 /* Project object */;
}
